
Microsoft Visual Studio Solution File, Format Version 12.00
# Visual Studio Version 17
VisualStudioVersion = 17.8.34525.116
MinimumVisualStudioVersion = 10.0.40219.1
Project("{9A19103F-16F7-4668-BE54-9A1E7A4F7556}") = "TicTacToe", "TicTacToe\TicTacToe.csproj", "{4088B12B-211A-489E-9235-9FAFD6FFDF2F}"
EndProject
Global
	GlobalSection(SolutionConfigurationPlatforms) = preSolution
		Debug|Any CPU = Debug|Any CPU
		Release|Any CPU = Release|Any CPU
	EndGlobalSection
	GlobalSection(ProjectConfigurationPlatforms) = postSolution
		{4088B12B-211A-489E-9235-9FAFD6FFDF2F}.Debug|Any CPU.ActiveCfg = Debug|Any CPU
		{4088B12B-211A-489E-9235-9FAFD6FFDF2F}.Debug|Any CPU.Build.0 = Debug|Any CPU
		{4088B12B-211A-489E-9235-9FAFD6FFDF2F}.Release|Any CPU.ActiveCfg = Release|Any CPU
		{4088B12B-211A-489E-9235-9FAFD6FFDF2F}.Release|Any CPU.Build.0 = Release|Any CPU
	EndGlobalSection
	GlobalSection(SolutionProperties) = preSolution
		HideSolutionNode = FALSE
	EndGlobalSection
	GlobalSection(ExtensibilityGlobals) = postSolution
		SolutionGuid = {15407B68-A079-4E8B-BCF2-0AA7E165598B}
	EndGlobalSection
EndGlobal
